
Microsoft Visual Studio Solution File, Format Version 12.00
# Visual Studio 15
VisualStudioVersion = 15.0.26124.0
MinimumVisualStudioVersion = 15.0.26124.0
Project("{FAE04EC0-301F-11D3-BF4B-00C04F79EFBC}") = "Coinbot.Core", "Coinbot.Core\Coinbot.Core.csproj", "{F38F53CD-452D-48F0-97D6-1FED90344E3E}"
EndProject
Project("{FAE04EC0-301F-11D3-BF4B-00C04F79EFBC}") = "Coinbot.Domain", "Coinbot.Domain\Coinbot.Domain.csproj", "{4F76E4B2-58D1-4BCA-BF8B-513D6B6A7D7B}"
EndProject
Project("{FAE04EC0-301F-11D3-BF4B-00C04F79EFBC}") = "Coinbot.Bitbay", "Coinbot.Bitbay\Coinbot.Bitbay.csproj", "{C9401065-2FA3-4327-BBA1-4A88F4925A50}"
EndProject
Project("{FAE04EC0-301F-11D3-BF4B-00C04F79EFBC}") = "Coinbot.Tests", "Coinbot.Tests\Coinbot.Tests.csproj", "{E5F898AF-5994-4EBE-9278-1C5853CC4684}"
EndProject
Project("{FAE04EC0-301F-11D3-BF4B-00C04F79EFBC}") = "Coinbot.SQLite", "Coinbot.SQLite\Coinbot.SQLite.csproj", "{D7DBFCB8-F277-4A39-A8B7-75265E41F9AD}"
EndProject
Project("{FAE04EC0-301F-11D3-BF4B-00C04F79EFBC}") = "Coinbot.Binance", "Coinbot.Binance\Coinbot.Binance.csproj", "{970F1433-076A-4207-8051-E71A1A6DA63B}"
EndProject
Project("{FAE04EC0-301F-11D3-BF4B-00C04F79EFBC}") = "Coinbot.Bittrex", "Coinbot.Bittrex\Coinbot.Bittrex.csproj", "{4BDB50F8-4480-4672-857A-241EE8D97F54}"
EndProject
Project("{FAE04EC0-301F-11D3-BF4B-00C04F79EFBC}") = "Coinbot.Helpers", "Coinbot.Helpers\Coinbot.Helpers.csproj", "{FB60C984-C7A4-436B-8898-E19EA20D3CEB}"
EndProject
Project("{FAE04EC0-301F-11D3-BF4B-00C04F79EFBC}") = "Coinbot.Bitdummy", "Coinbot.Bitdummy\Coinbot.Bitdummy.csproj", "{0F742A0D-9612-41E7-BC80-45C723D2E0DA}"
EndProject
Project("{FAE04EC0-301F-11D3-BF4B-00C04F79EFBC}") = "Coinbot.TempDb", "Coinbot.TempDb\Coinbot.TempDb.csproj", "{CB148A21-E601-4459-944D-107B2F2C2122}"
EndProject
Global
	GlobalSection(SolutionConfigurationPlatforms) = preSolution
		Debug|Any CPU = Debug|Any CPU
		Debug|x64 = Debug|x64
		Debug|x86 = Debug|x86
		Release|Any CPU = Release|Any CPU
		Release|x64 = Release|x64
		Release|x86 = Release|x86
	EndGlobalSection
	GlobalSection(SolutionProperties) = preSolution
		HideSolutionNode = FALSE
	EndGlobalSection
	GlobalSection(ProjectConfigurationPlatforms) = postSolution
		{F38F53CD-452D-48F0-97D6-1FED90344E3E}.Debug|Any CPU.ActiveCfg = Debug|Any CPU
		{F38F53CD-452D-48F0-97D6-1FED90344E3E}.Debug|Any CPU.Build.0 = Debug|Any CPU
		{F38F53CD-452D-48F0-97D6-1FED90344E3E}.Debug|x64.ActiveCfg = Debug|Any CPU
		{F38F53CD-452D-48F0-97D6-1FED90344E3E}.Debug|x64.Build.0 = Debug|Any CPU
		{F38F53CD-452D-48F0-97D6-1FED90344E3E}.Debug|x86.ActiveCfg = Debug|Any CPU
		{F38F53CD-452D-48F0-97D6-1FED90344E3E}.Debug|x86.Build.0 = Debug|Any CPU
		{F38F53CD-452D-48F0-97D6-1FED90344E3E}.Release|Any CPU.ActiveCfg = Release|Any CPU
		{F38F53CD-452D-48F0-97D6-1FED90344E3E}.Release|Any CPU.Build.0 = Release|Any CPU
		{F38F53CD-452D-48F0-97D6-1FED90344E3E}.Release|x64.ActiveCfg = Release|Any CPU
		{F38F53CD-452D-48F0-97D6-1FED90344E3E}.Release|x64.Build.0 = Release|Any CPU
		{F38F53CD-452D-48F0-97D6-1FED90344E3E}.Release|x86.ActiveCfg = Release|Any CPU
		{F38F53CD-452D-48F0-97D6-1FED90344E3E}.Release|x86.Build.0 = Release|Any CPU
		{4F76E4B2-58D1-4BCA-BF8B-513D6B6A7D7B}.Debug|Any CPU.ActiveCfg = Debug|Any CPU
		{4F76E4B2-58D1-4BCA-BF8B-513D6B6A7D7B}.Debug|Any CPU.Build.0 = Debug|Any CPU
		{4F76E4B2-58D1-4BCA-BF8B-513D6B6A7D7B}.Debug|x64.ActiveCfg = Debug|Any CPU
		{4F76E4B2-58D1-4BCA-BF8B-513D6B6A7D7B}.Debug|x64.Build.0 = Debug|Any CPU
		{4F76E4B2-58D1-4BCA-BF8B-513D6B6A7D7B}.Debug|x86.ActiveCfg = Debug|Any CPU
		{4F76E4B2-58D1-4BCA-BF8B-513D6B6A7D7B}.Debug|x86.Build.0 = Debug|Any CPU
		{4F76E4B2-58D1-4BCA-BF8B-513D6B6A7D7B}.Release|Any CPU.ActiveCfg = Release|Any CPU
		{4F76E4B2-58D1-4BCA-BF8B-513D6B6A7D7B}.Release|Any CPU.Build.0 = Release|Any CPU
		{4F76E4B2-58D1-4BCA-BF8B-513D6B6A7D7B}.Release|x64.ActiveCfg = Release|Any CPU
		{4F76E4B2-58D1-4BCA-BF8B-513D6B6A7D7B}.Release|x64.Build.0 = Release|Any CPU
		{4F76E4B2-58D1-4BCA-BF8B-513D6B6A7D7B}.Release|x86.ActiveCfg = Release|Any CPU
		{4F76E4B2-58D1-4BCA-BF8B-513D6B6A7D7B}.Release|x86.Build.0 = Release|Any CPU
		{C9401065-2FA3-4327-BBA1-4A88F4925A50}.Debug|Any CPU.ActiveCfg = Debug|Any CPU
		{C9401065-2FA3-4327-BBA1-4A88F4925A50}.Debug|Any CPU.Build.0 = Debug|Any CPU
		{C9401065-2FA3-4327-BBA1-4A88F4925A50}.Debug|x64.ActiveCfg = Debug|Any CPU
		{C9401065-2FA3-4327-BBA1-4A88F4925A50}.Debug|x64.Build.0 = Debug|Any CPU
		{C9401065-2FA3-4327-BBA1-4A88F4925A50}.Debug|x86.ActiveCfg = Debug|Any CPU
		{C9401065-2FA3-4327-BBA1-4A88F4925A50}.Debug|x86.Build.0 = Debug|Any CPU
		{C9401065-2FA3-4327-BBA1-4A88F4925A50}.Release|Any CPU.ActiveCfg = Release|Any CPU
		{C9401065-2FA3-4327-BBA1-4A88F4925A50}.Release|Any CPU.Build.0 = Release|Any CPU
		{C9401065-2FA3-4327-BBA1-4A88F4925A50}.Release|x64.ActiveCfg = Release|Any CPU
		{C9401065-2FA3-4327-BBA1-4A88F4925A50}.Release|x64.Build.0 = Release|Any CPU
		{C9401065-2FA3-4327-BBA1-4A88F4925A50}.Release|x86.ActiveCfg = Release|Any CPU
		{C9401065-2FA3-4327-BBA1-4A88F4925A50}.Release|x86.Build.0 = Release|Any CPU
		{E5F898AF-5994-4EBE-9278-1C5853CC4684}.Debug|Any CPU.ActiveCfg = Debug|Any CPU
		{E5F898AF-5994-4EBE-9278-1C5853CC4684}.Debug|Any CPU.Build.0 = Debug|Any CPU
		{E5F898AF-5994-4EBE-9278-1C5853CC4684}.Debug|x64.ActiveCfg = Debug|Any CPU
		{E5F898AF-5994-4EBE-9278-1C5853CC4684}.Debug|x64.Build.0 = Debug|Any CPU
		{E5F898AF-5994-4EBE-9278-1C5853CC4684}.Debug|x86.ActiveCfg = Debug|Any CPU
		{E5F898AF-5994-4EBE-9278-1C5853CC4684}.Debug|x86.Build.0 = Debug|Any CPU
		{E5F898AF-5994-4EBE-9278-1C5853CC4684}.Release|Any CPU.ActiveCfg = Release|Any CPU
		{E5F898AF-5994-4EBE-9278-1C5853CC4684}.Release|Any CPU.Build.0 = Release|Any CPU
		{E5F898AF-5994-4EBE-9278-1C5853CC4684}.Release|x64.ActiveCfg = Release|Any CPU
		{E5F898AF-5994-4EBE-9278-1C5853CC4684}.Release|x64.Build.0 = Release|Any CPU
		{E5F898AF-5994-4EBE-9278-1C5853CC4684}.Release|x86.ActiveCfg = Release|Any CPU
		{E5F898AF-5994-4EBE-9278-1C5853CC4684}.Release|x86.Build.0 = Release|Any CPU
		{D7DBFCB8-F277-4A39-A8B7-75265E41F9AD}.Debug|Any CPU.ActiveCfg = Debug|Any CPU
		{D7DBFCB8-F277-4A39-A8B7-75265E41F9AD}.Debug|Any CPU.Build.0 = Debug|Any CPU
		{D7DBFCB8-F277-4A39-A8B7-75265E41F9AD}.Debug|x64.ActiveCfg = Debug|Any CPU
		{D7DBFCB8-F277-4A39-A8B7-75265E41F9AD}.Debug|x64.Build.0 = Debug|Any CPU
		{D7DBFCB8-F277-4A39-A8B7-75265E41F9AD}.Debug|x86.ActiveCfg = Debug|Any CPU
		{D7DBFCB8-F277-4A39-A8B7-75265E41F9AD}.Debug|x86.Build.0 = Debug|Any CPU
		{D7DBFCB8-F277-4A39-A8B7-75265E41F9AD}.Release|Any CPU.ActiveCfg = Release|Any CPU
		{D7DBFCB8-F277-4A39-A8B7-75265E41F9AD}.Release|Any CPU.Build.0 = Release|Any CPU
		{D7DBFCB8-F277-4A39-A8B7-75265E41F9AD}.Release|x64.ActiveCfg = Release|Any CPU
		{D7DBFCB8-F277-4A39-A8B7-75265E41F9AD}.Release|x64.Build.0 = Release|Any CPU
		{D7DBFCB8-F277-4A39-A8B7-75265E41F9AD}.Release|x86.ActiveCfg = Release|Any CPU
		{D7DBFCB8-F277-4A39-A8B7-75265E41F9AD}.Release|x86.Build.0 = Release|Any CPU
		{970F1433-076A-4207-8051-E71A1A6DA63B}.Debug|Any CPU.ActiveCfg = Debug|Any CPU
		{970F1433-076A-4207-8051-E71A1A6DA63B}.Debug|Any CPU.Build.0 = Debug|Any CPU
		{970F1433-076A-4207-8051-E71A1A6DA63B}.Debug|x64.ActiveCfg = Debug|Any CPU
		{970F1433-076A-4207-8051-E71A1A6DA63B}.Debug|x64.Build.0 = Debug|Any CPU
		{970F1433-076A-4207-8051-E71A1A6DA63B}.Debug|x86.ActiveCfg = Debug|Any CPU
		{970F1433-076A-4207-8051-E71A1A6DA63B}.Debug|x86.Build.0 = Debug|Any CPU
		{970F1433-076A-4207-8051-E71A1A6DA63B}.Release|Any CPU.ActiveCfg = Release|Any CPU
		{970F1433-076A-4207-8051-E71A1A6DA63B}.Release|Any CPU.Build.0 = Release|Any CPU
		{970F1433-076A-4207-8051-E71A1A6DA63B}.Release|x64.ActiveCfg = Release|Any CPU
		{970F1433-076A-4207-8051-E71A1A6DA63B}.Release|x64.Build.0 = Release|Any CPU
		{970F1433-076A-4207-8051-E71A1A6DA63B}.Release|x86.ActiveCfg = Release|Any CPU
		{970F1433-076A-4207-8051-E71A1A6DA63B}.Release|x86.Build.0 = Release|Any CPU
		{4BDB50F8-4480-4672-857A-241EE8D97F54}.Debug|Any CPU.ActiveCfg = Debug|Any CPU
		{4BDB50F8-4480-4672-857A-241EE8D97F54}.Debug|Any CPU.Build.0 = Debug|Any CPU
		{4BDB50F8-4480-4672-857A-241EE8D97F54}.Debug|x64.ActiveCfg = Debug|Any CPU
		{4BDB50F8-4480-4672-857A-241EE8D97F54}.Debug|x64.Build.0 = Debug|Any CPU
		{4BDB50F8-4480-4672-857A-241EE8D97F54}.Debug|x86.ActiveCfg = Debug|Any CPU
		{4BDB50F8-4480-4672-857A-241EE8D97F54}.Debug|x86.Build.0 = Debug|Any CPU
		{4BDB50F8-4480-4672-857A-241EE8D97F54}.Release|Any CPU.ActiveCfg = Release|Any CPU
		{4BDB50F8-4480-4672-857A-241EE8D97F54}.Release|Any CPU.Build.0 = Release|Any CPU
		{4BDB50F8-4480-4672-857A-241EE8D97F54}.Release|x64.ActiveCfg = Release|Any CPU
		{4BDB50F8-4480-4672-857A-241EE8D97F54}.Release|x64.Build.0 = Release|Any CPU
		{4BDB50F8-4480-4672-857A-241EE8D97F54}.Release|x86.ActiveCfg = Release|Any CPU
		{4BDB50F8-4480-4672-857A-241EE8D97F54}.Release|x86.Build.0 = Release|Any CPU
		{FB60C984-C7A4-436B-8898-E19EA20D3CEB}.Debug|Any CPU.ActiveCfg = Debug|Any CPU
		{FB60C984-C7A4-436B-8898-E19EA20D3CEB}.Debug|Any CPU.Build.0 = Debug|Any CPU
		{FB60C984-C7A4-436B-8898-E19EA20D3CEB}.Debug|x64.ActiveCfg = Debug|Any CPU
		{FB60C984-C7A4-436B-8898-E19EA20D3CEB}.Debug|x64.Build.0 = Debug|Any CPU
		{FB60C984-C7A4-436B-8898-E19EA20D3CEB}.Debug|x86.ActiveCfg = Debug|Any CPU
		{FB60C984-C7A4-436B-8898-E19EA20D3CEB}.Debug|x86.Build.0 = Debug|Any CPU
		{FB60C984-C7A4-436B-8898-E19EA20D3CEB}.Release|Any CPU.ActiveCfg = Release|Any CPU
		{FB60C984-C7A4-436B-8898-E19EA20D3CEB}.Release|Any CPU.Build.0 = Release|Any CPU
		{FB60C984-C7A4-436B-8898-E19EA20D3CEB}.Release|x64.ActiveCfg = Release|Any CPU
		{FB60C984-C7A4-436B-8898-E19EA20D3CEB}.Release|x64.Build.0 = Release|Any CPU
		{FB60C984-C7A4-436B-8898-E19EA20D3CEB}.Release|x86.ActiveCfg = Release|Any CPU
		{FB60C984-C7A4-436B-8898-E19EA20D3CEB}.Release|x86.Build.0 = Release|Any CPU
		{0F742A0D-9612-41E7-BC80-45C723D2E0DA}.Debug|Any CPU.ActiveCfg = Debug|Any CPU
		{0F742A0D-9612-41E7-BC80-45C723D2E0DA}.Debug|Any CPU.Build.0 = Debug|Any CPU
		{0F742A0D-9612-41E7-BC80-45C723D2E0DA}.Debug|x64.ActiveCfg = Debug|Any CPU
		{0F742A0D-9612-41E7-BC80-45C723D2E0DA}.Debug|x64.Build.0 = Debug|Any CPU
		{0F742A0D-9612-41E7-BC80-45C723D2E0DA}.Debug|x86.ActiveCfg = Debug|Any CPU
		{0F742A0D-9612-41E7-BC80-45C723D2E0DA}.Debug|x86.Build.0 = Debug|Any CPU
		{0F742A0D-9612-41E7-BC80-45C723D2E0DA}.Release|Any CPU.ActiveCfg = Release|Any CPU
		{0F742A0D-9612-41E7-BC80-45C723D2E0DA}.Release|Any CPU.Build.0 = Release|Any CPU
		{0F742A0D-9612-41E7-BC80-45C723D2E0DA}.Release|x64.ActiveCfg = Release|Any CPU
		{0F742A0D-9612-41E7-BC80-45C723D2E0DA}.Release|x64.Build.0 = Release|Any CPU
		{0F742A0D-9612-41E7-BC80-45C723D2E0DA}.Release|x86.ActiveCfg = Release|Any CPU
		{0F742A0D-9612-41E7-BC80-45C723D2E0DA}.Release|x86.Build.0 = Release|Any CPU
		{CB148A21-E601-4459-944D-107B2F2C2122}.Debug|Any CPU.ActiveCfg = Debug|Any CPU
		{CB148A21-E601-4459-944D-107B2F2C2122}.Debug|Any CPU.Build.0 = Debug|Any CPU
		{CB148A21-E601-4459-944D-107B2F2C2122}.Debug|x64.ActiveCfg = Debug|Any CPU
		{CB148A21-E601-4459-944D-107B2F2C2122}.Debug|x64.Build.0 = Debug|Any CPU
		{CB148A21-E601-4459-944D-107B2F2C2122}.Debug|x86.ActiveCfg = Debug|Any CPU
		{CB148A21-E601-4459-944D-107B2F2C2122}.Debug|x86.Build.0 = Debug|Any CPU
		{CB148A21-E601-4459-944D-107B2F2C2122}.Release|Any CPU.ActiveCfg = Release|Any CPU
		{CB148A21-E601-4459-944D-107B2F2C2122}.Release|Any CPU.Build.0 = Release|Any CPU
		{CB148A21-E601-4459-944D-107B2F2C2122}.Release|x64.ActiveCfg = Release|Any CPU
		{CB148A21-E601-4459-944D-107B2F2C2122}.Release|x64.Build.0 = Release|Any CPU
		{CB148A21-E601-4459-944D-107B2F2C2122}.Release|x86.ActiveCfg = Release|Any CPU
		{CB148A21-E601-4459-944D-107B2F2C2122}.Release|x86.Build.0 = Release|Any CPU
	EndGlobalSection
EndGlobal
